
Microsoft Visual Studio Solution File, Format Version 12.00
# Visual Studio Version 17
VisualStudioVersion = 17.5.33530.505
MinimumVisualStudioVersion = 10.0.40219.1
Project("{9A19103F-16F7-4668-BE54-9A1E7A4F7556}") = "BullyBookWeb", "learnProject\BullyBookWeb\BullyBookWeb\BullyBookWeb.csproj", "{AFA20D30-A700-4FFC-AB91-F1771A03F1EF}"
EndProject
Project("{9A19103F-16F7-4668-BE54-9A1E7A4F7556}") = "CshAlgo", "learnProject\LeetCode\CshAlgo.csproj", "{A125876C-09ED-47F1-983A-3D992F3B521F}"
EndProject
Project("{9A19103F-16F7-4668-BE54-9A1E7A4F7556}") = "MvcMovie", "learnProject\MvcMovie\MvcMovie.csproj", "{A25161F9-B1F1-4C59-905C-02C43AF8786B}"
EndProject
Project("{9A19103F-16F7-4668-BE54-9A1E7A4F7556}") = "Routing", "Routing\Routing.csproj", "{95BCA848-2853-489B-9545-4DC97B0FC816}"
EndProject
Project("{9A19103F-16F7-4668-BE54-9A1E7A4F7556}") = "middlewareTest", "middlewareTest\middlewareTest.csproj", "{B63DD940-E8E4-48D0-9320-167610E2340B}"
EndProject
Project("{9A19103F-16F7-4668-BE54-9A1E7A4F7556}") = "test_react", "learnProject\test_react\test_react.csproj", "{D596592D-A5A9-4907-B6D1-5EE160C37557}"
EndProject
Project("{9A19103F-16F7-4668-BE54-9A1E7A4F7556}") = "FilelOc", "FilelOc\FilelOc.csproj", "{50CB3DD5-F337-4CA0-ABEA-5808C24B10C9}"
EndProject
Project("{9A19103F-16F7-4668-BE54-9A1E7A4F7556}") = "ControllersExample", "ControllersExample\ControllersExample.csproj", "{E6F116E0-F27A-4D7B-8DFB-A84C5BB25C53}"
EndProject
Project("{9A19103F-16F7-4668-BE54-9A1E7A4F7556}") = "AdoDataReader", "AdoDataReader\AdoDataReader.csproj", "{7D0C5696-16E6-43BA-8410-242BBF958618}"
EndProject
Project("{9A19103F-16F7-4668-BE54-9A1E7A4F7556}") = "AdodataReader_05", "AdodataReader_05\AdodataReader_05.csproj", "{087712FD-2320-48A2-A390-628AABCED5B8}"
EndProject
Project("{FAE04EC0-301F-11D3-BF4B-00C04F79EFBC}") = "SqlCmd_Ado.NET", "SqlCmd_Ado.NET\SqlCmd_Ado.NET.csproj", "{3BAFE7EF-6DF7-4DEF-A0F7-8F797A8A8CBD}"
EndProject
Project("{FAE04EC0-301F-11D3-BF4B-00C04F79EFBC}") = "DataSet_Adapter", "DataSet_Adapter\DataSet_Adapter.csproj", "{FEE6E6E2-6797-4C85-B262-4E4A9202D427}"
EndProject
Global
	GlobalSection(SolutionConfigurationPlatforms) = preSolution
		Debug|Any CPU = Debug|Any CPU
		Release|Any CPU = Release|Any CPU
	EndGlobalSection
	GlobalSection(ProjectConfigurationPlatforms) = postSolution
		{AFA20D30-A700-4FFC-AB91-F1771A03F1EF}.Debug|Any CPU.ActiveCfg = Debug|Any CPU
		{AFA20D30-A700-4FFC-AB91-F1771A03F1EF}.Debug|Any CPU.Build.0 = Debug|Any CPU
		{AFA20D30-A700-4FFC-AB91-F1771A03F1EF}.Release|Any CPU.ActiveCfg = Release|Any CPU
		{AFA20D30-A700-4FFC-AB91-F1771A03F1EF}.Release|Any CPU.Build.0 = Release|Any CPU
		{A125876C-09ED-47F1-983A-3D992F3B521F}.Debug|Any CPU.ActiveCfg = Debug|Any CPU
		{A125876C-09ED-47F1-983A-3D992F3B521F}.Debug|Any CPU.Build.0 = Debug|Any CPU
		{A125876C-09ED-47F1-983A-3D992F3B521F}.Release|Any CPU.ActiveCfg = Release|Any CPU
		{A125876C-09ED-47F1-983A-3D992F3B521F}.Release|Any CPU.Build.0 = Release|Any CPU
		{A25161F9-B1F1-4C59-905C-02C43AF8786B}.Debug|Any CPU.ActiveCfg = Debug|Any CPU
		{A25161F9-B1F1-4C59-905C-02C43AF8786B}.Debug|Any CPU.Build.0 = Debug|Any CPU
		{A25161F9-B1F1-4C59-905C-02C43AF8786B}.Release|Any CPU.ActiveCfg = Release|Any CPU
		{A25161F9-B1F1-4C59-905C-02C43AF8786B}.Release|Any CPU.Build.0 = Release|Any CPU
		{95BCA848-2853-489B-9545-4DC97B0FC816}.Debug|Any CPU.ActiveCfg = Debug|Any CPU
		{95BCA848-2853-489B-9545-4DC97B0FC816}.Debug|Any CPU.Build.0 = Debug|Any CPU
		{95BCA848-2853-489B-9545-4DC97B0FC816}.Release|Any CPU.ActiveCfg = Release|Any CPU
		{95BCA848-2853-489B-9545-4DC97B0FC816}.Release|Any CPU.Build.0 = Release|Any CPU
		{B63DD940-E8E4-48D0-9320-167610E2340B}.Debug|Any CPU.ActiveCfg = Debug|Any CPU
		{B63DD940-E8E4-48D0-9320-167610E2340B}.Debug|Any CPU.Build.0 = Debug|Any CPU
		{B63DD940-E8E4-48D0-9320-167610E2340B}.Release|Any CPU.ActiveCfg = Release|Any CPU
		{B63DD940-E8E4-48D0-9320-167610E2340B}.Release|Any CPU.Build.0 = Release|Any CPU
		{D596592D-A5A9-4907-B6D1-5EE160C37557}.Debug|Any CPU.ActiveCfg = Debug|Any CPU
		{D596592D-A5A9-4907-B6D1-5EE160C37557}.Debug|Any CPU.Build.0 = Debug|Any CPU
		{D596592D-A5A9-4907-B6D1-5EE160C37557}.Release|Any CPU.ActiveCfg = Release|Any CPU
		{D596592D-A5A9-4907-B6D1-5EE160C37557}.Release|Any CPU.Build.0 = Release|Any CPU
		{50CB3DD5-F337-4CA0-ABEA-5808C24B10C9}.Debug|Any CPU.ActiveCfg = Debug|Any CPU
		{50CB3DD5-F337-4CA0-ABEA-5808C24B10C9}.Debug|Any CPU.Build.0 = Debug|Any CPU
		{50CB3DD5-F337-4CA0-ABEA-5808C24B10C9}.Release|Any CPU.ActiveCfg = Release|Any CPU
		{50CB3DD5-F337-4CA0-ABEA-5808C24B10C9}.Release|Any CPU.Build.0 = Release|Any CPU
		{E6F116E0-F27A-4D7B-8DFB-A84C5BB25C53}.Debug|Any CPU.ActiveCfg = Debug|Any CPU
		{E6F116E0-F27A-4D7B-8DFB-A84C5BB25C53}.Debug|Any CPU.Build.0 = Debug|Any CPU
		{E6F116E0-F27A-4D7B-8DFB-A84C5BB25C53}.Release|Any CPU.ActiveCfg = Release|Any CPU
		{E6F116E0-F27A-4D7B-8DFB-A84C5BB25C53}.Release|Any CPU.Build.0 = Release|Any CPU
		{7D0C5696-16E6-43BA-8410-242BBF958618}.Debug|Any CPU.ActiveCfg = Debug|Any CPU
		{7D0C5696-16E6-43BA-8410-242BBF958618}.Debug|Any CPU.Build.0 = Debug|Any CPU
		{7D0C5696-16E6-43BA-8410-242BBF958618}.Release|Any CPU.ActiveCfg = Release|Any CPU
		{7D0C5696-16E6-43BA-8410-242BBF958618}.Release|Any CPU.Build.0 = Release|Any CPU
		{087712FD-2320-48A2-A390-628AABCED5B8}.Debug|Any CPU.ActiveCfg = Debug|Any CPU
		{087712FD-2320-48A2-A390-628AABCED5B8}.Debug|Any CPU.Build.0 = Debug|Any CPU
		{087712FD-2320-48A2-A390-628AABCED5B8}.Release|Any CPU.ActiveCfg = Release|Any CPU
		{087712FD-2320-48A2-A390-628AABCED5B8}.Release|Any CPU.Build.0 = Release|Any CPU
		{3BAFE7EF-6DF7-4DEF-A0F7-8F797A8A8CBD}.Debug|Any CPU.ActiveCfg = Debug|Any CPU
		{3BAFE7EF-6DF7-4DEF-A0F7-8F797A8A8CBD}.Debug|Any CPU.Build.0 = Debug|Any CPU
		{3BAFE7EF-6DF7-4DEF-A0F7-8F797A8A8CBD}.Release|Any CPU.ActiveCfg = Release|Any CPU
		{3BAFE7EF-6DF7-4DEF-A0F7-8F797A8A8CBD}.Release|Any CPU.Build.0 = Release|Any CPU
		{FEE6E6E2-6797-4C85-B262-4E4A9202D427}.Debug|Any CPU.ActiveCfg = Debug|Any CPU
		{FEE6E6E2-6797-4C85-B262-4E4A9202D427}.Debug|Any CPU.Build.0 = Debug|Any CPU
		{FEE6E6E2-6797-4C85-B262-4E4A9202D427}.Release|Any CPU.ActiveCfg = Release|Any CPU
		{FEE6E6E2-6797-4C85-B262-4E4A9202D427}.Release|Any CPU.Build.0 = Release|Any CPU
	EndGlobalSection
	GlobalSection(SolutionProperties) = preSolution
		HideSolutionNode = FALSE
	EndGlobalSection
	GlobalSection(ExtensibilityGlobals) = postSolution
		SolutionGuid = {936373BF-2FDC-4CDD-9BDF-F85BC2BA411F}
	EndGlobalSection
EndGlobal
