
Microsoft Visual Studio Solution File, Format Version 12.00
# Visual Studio Version 17
VisualStudioVersion = 17.4.33403.182
MinimumVisualStudioVersion = 10.0.40219.1
Project("{9A19103F-16F7-4668-BE54-9A1E7A4F7556}") = "WinFormsApp1", "WinFormsApp1\WinFormsApp1.csproj", "{773F2D1B-4BA8-41A9-9AE6-6130E2355128}"
EndProject
Project("{9A19103F-16F7-4668-BE54-9A1E7A4F7556}") = "ConsoleApp2", "ConsoleApp2\ConsoleApp2.csproj", "{8436FCE8-D006-4234-8304-5C8E7A6B0E13}"
EndProject
Project("{9A19103F-16F7-4668-BE54-9A1E7A4F7556}") = "MvcMovie", "MvcMovie\MvcMovie.csproj", "{06283803-65FC-43EC-BE39-F713C45BC1F2}"
EndProject
Project("{9A19103F-16F7-4668-BE54-9A1E7A4F7556}") = "BullyBookWeb", "BullyBookWeb\BullyBookWeb\BullyBookWeb.csproj", "{3B978D96-04B2-4091-9200-F53A8D30C42C}"
EndProject
Project("{FAE04EC0-301F-11D3-BF4B-00C04F79EFBC}") = "Lab0504", "Lab0504\Lab0504.csproj", "{72FDC971-AE21-4422-BE29-A8DC5455C2AF}"
EndProject
Project("{FAE04EC0-301F-11D3-BF4B-00C04F79EFBC}") = "Lab0505", "Lab0505\Lab0505.csproj", "{F6F0B6D4-DB3E-44E9-91A1-75957F00BF55}"
EndProject
Project("{FAE04EC0-301F-11D3-BF4B-00C04F79EFBC}") = "Lab0506", "Lab0506\Lab0506.csproj", "{AC3B76F8-68E1-4659-BBA3-A51FD83BE041}"
EndProject
Project("{FAE04EC0-301F-11D3-BF4B-00C04F79EFBC}") = "Lab0509", "Lab0509\Lab0509.csproj", "{A10228FE-46BF-4641-937F-98E8233958C7}"
EndProject
Project("{FAE04EC0-301F-11D3-BF4B-00C04F79EFBC}") = "Ch18_3_1", "Ch18_3_1\Ch18_3_1.csproj", "{ECC32190-4F76-4821-95FA-6B65380F1104}"
EndProject
Global
	GlobalSection(SolutionConfigurationPlatforms) = preSolution
		Debug|Any CPU = Debug|Any CPU
		Release|Any CPU = Release|Any CPU
	EndGlobalSection
	GlobalSection(ProjectConfigurationPlatforms) = postSolution
		{773F2D1B-4BA8-41A9-9AE6-6130E2355128}.Debug|Any CPU.ActiveCfg = Debug|Any CPU
		{773F2D1B-4BA8-41A9-9AE6-6130E2355128}.Debug|Any CPU.Build.0 = Debug|Any CPU
		{773F2D1B-4BA8-41A9-9AE6-6130E2355128}.Release|Any CPU.ActiveCfg = Release|Any CPU
		{773F2D1B-4BA8-41A9-9AE6-6130E2355128}.Release|Any CPU.Build.0 = Release|Any CPU
		{8436FCE8-D006-4234-8304-5C8E7A6B0E13}.Debug|Any CPU.ActiveCfg = Debug|Any CPU
		{8436FCE8-D006-4234-8304-5C8E7A6B0E13}.Debug|Any CPU.Build.0 = Debug|Any CPU
		{8436FCE8-D006-4234-8304-5C8E7A6B0E13}.Release|Any CPU.ActiveCfg = Release|Any CPU
		{8436FCE8-D006-4234-8304-5C8E7A6B0E13}.Release|Any CPU.Build.0 = Release|Any CPU
		{06283803-65FC-43EC-BE39-F713C45BC1F2}.Debug|Any CPU.ActiveCfg = Debug|Any CPU
		{06283803-65FC-43EC-BE39-F713C45BC1F2}.Debug|Any CPU.Build.0 = Debug|Any CPU
		{06283803-65FC-43EC-BE39-F713C45BC1F2}.Release|Any CPU.ActiveCfg = Release|Any CPU
		{06283803-65FC-43EC-BE39-F713C45BC1F2}.Release|Any CPU.Build.0 = Release|Any CPU
		{3B978D96-04B2-4091-9200-F53A8D30C42C}.Debug|Any CPU.ActiveCfg = Debug|Any CPU
		{3B978D96-04B2-4091-9200-F53A8D30C42C}.Debug|Any CPU.Build.0 = Debug|Any CPU
		{3B978D96-04B2-4091-9200-F53A8D30C42C}.Release|Any CPU.ActiveCfg = Release|Any CPU
		{3B978D96-04B2-4091-9200-F53A8D30C42C}.Release|Any CPU.Build.0 = Release|Any CPU
		{72FDC971-AE21-4422-BE29-A8DC5455C2AF}.Debug|Any CPU.ActiveCfg = Debug|Any CPU
		{72FDC971-AE21-4422-BE29-A8DC5455C2AF}.Debug|Any CPU.Build.0 = Debug|Any CPU
		{72FDC971-AE21-4422-BE29-A8DC5455C2AF}.Release|Any CPU.ActiveCfg = Release|Any CPU
		{72FDC971-AE21-4422-BE29-A8DC5455C2AF}.Release|Any CPU.Build.0 = Release|Any CPU
		{F6F0B6D4-DB3E-44E9-91A1-75957F00BF55}.Debug|Any CPU.ActiveCfg = Debug|Any CPU
		{F6F0B6D4-DB3E-44E9-91A1-75957F00BF55}.Debug|Any CPU.Build.0 = Debug|Any CPU
		{F6F0B6D4-DB3E-44E9-91A1-75957F00BF55}.Release|Any CPU.ActiveCfg = Release|Any CPU
		{F6F0B6D4-DB3E-44E9-91A1-75957F00BF55}.Release|Any CPU.Build.0 = Release|Any CPU
		{AC3B76F8-68E1-4659-BBA3-A51FD83BE041}.Debug|Any CPU.ActiveCfg = Debug|Any CPU
		{AC3B76F8-68E1-4659-BBA3-A51FD83BE041}.Debug|Any CPU.Build.0 = Debug|Any CPU
		{AC3B76F8-68E1-4659-BBA3-A51FD83BE041}.Release|Any CPU.ActiveCfg = Release|Any CPU
		{AC3B76F8-68E1-4659-BBA3-A51FD83BE041}.Release|Any CPU.Build.0 = Release|Any CPU
		{A10228FE-46BF-4641-937F-98E8233958C7}.Debug|Any CPU.ActiveCfg = Debug|Any CPU
		{A10228FE-46BF-4641-937F-98E8233958C7}.Debug|Any CPU.Build.0 = Debug|Any CPU
		{A10228FE-46BF-4641-937F-98E8233958C7}.Release|Any CPU.ActiveCfg = Release|Any CPU
		{A10228FE-46BF-4641-937F-98E8233958C7}.Release|Any CPU.Build.0 = Release|Any CPU
		{ECC32190-4F76-4821-95FA-6B65380F1104}.Debug|Any CPU.ActiveCfg = Debug|Any CPU
		{ECC32190-4F76-4821-95FA-6B65380F1104}.Debug|Any CPU.Build.0 = Debug|Any CPU
		{ECC32190-4F76-4821-95FA-6B65380F1104}.Release|Any CPU.ActiveCfg = Release|Any CPU
		{ECC32190-4F76-4821-95FA-6B65380F1104}.Release|Any CPU.Build.0 = Release|Any CPU
	EndGlobalSection
	GlobalSection(SolutionProperties) = preSolution
		HideSolutionNode = FALSE
	EndGlobalSection
	GlobalSection(ExtensibilityGlobals) = postSolution
		SolutionGuid = {9A6D8B59-D96F-4766-87A0-46928F38E7BE}
	EndGlobalSection
EndGlobal
